// !$*UTF8*$!
{
	archiveVersion = 1;
	classes = {
	};
	objectVersion = 48;
	objects = {

/* Begin PBXBuildFile section */
		F69342801FB493EB0090FE5D /* AppDelegate.swift in Sources */ = {isa = PBXBuildFile; fileRef = F693427F1FB493EB0090FE5D /* AppDelegate.swift */; };
		F69342821FB493EB0090FE5D /* ViewController.swift in Sources */ = {isa = PBXBuildFile; fileRef = F69342811FB493EB0090FE5D /* ViewController.swift */; };
		F69342851FB493EB0090FE5D /* Main.storyboard in Resources */ = {isa = PBXBuildFile; fileRef = F69342831FB493EB0090FE5D /* Main.storyboard */; };
		F69342871FB493EB0090FE5D /* Assets.xcassets in Resources */ = {isa = PBXBuildFile; fileRef = F69342861FB493EB0090FE5D /* Assets.xcassets */; };
		F693428A1FB493EB0090FE5D /* LaunchScreen.storyboard in Resources */ = {isa = PBXBuildFile; fileRef = F69342881FB493EB0090FE5D /* LaunchScreen.storyboard */; };
		F6A9E09E2054DCEE005EBE9B /* AppDelegate.swift in Sources */ = {isa = PBXBuildFile; fileRef = F6A9E09D2054DCEE005EBE9B /* AppDelegate.swift */; };
		F6A9E0A02054DCEE005EBE9B /* ViewController.swift in Sources */ = {isa = PBXBuildFile; fileRef = F6A9E09F2054DCEE005EBE9B /* ViewController.swift */; };
		F6A9E0A32054DCEE005EBE9B /* Main.storyboard in Resources */ = {isa = PBXBuildFile; fileRef = F6A9E0A12054DCEE005EBE9B /* Main.storyboard */; };
		F6A9E0A52054DCEE005EBE9B /* Assets.xcassets in Resources */ = {isa = PBXBuildFile; fileRef = F6A9E0A42054DCEE005EBE9B /* Assets.xcassets */; };
		F6A9E0A82054DCEE005EBE9B /* LaunchScreen.storyboard in Resources */ = {isa = PBXBuildFile; fileRef = F6A9E0A62054DCEE005EBE9B /* LaunchScreen.storyboard */; };
		F6A9E0AE2054DF0B005EBE9B /* NewFeatureView.swift in Sources */ = {isa = PBXBuildFile; fileRef = F6A9E0AD2054DF0B005EBE9B /* NewFeatureView.swift */; };
/* End PBXBuildFile section */

/* Begin PBXFileReference section */
		F693427C1FB493EB0090FE5D /* ForthWeek.app */ = {isa = PBXFileReference; explicitFileType = wrapper.application; includeInIndex = 0; path = ForthWeek.app; sourceTree = BUILT_PRODUCTS_DIR; };
		F693427F1FB493EB0090FE5D /* AppDelegate.swift */ = {isa = PBXFileReference; lastKnownFileType = sourcecode.swift; path = AppDelegate.swift; sourceTree = "<group>"; };
		F69342811FB493EB0090FE5D /* ViewController.swift */ = {isa = PBXFileReference; lastKnownFileType = sourcecode.swift; path = ViewController.swift; sourceTree = "<group>"; };
		F69342841FB493EB0090FE5D /* Base */ = {isa = PBXFileReference; lastKnownFileType = file.storyboard; name = Base; path = Base.lproj/Main.storyboard; sourceTree = "<group>"; };
		F69342861FB493EB0090FE5D /* Assets.xcassets */ = {isa = PBXFileReference; lastKnownFileType = folder.assetcatalog; path = Assets.xcassets; sourceTree = "<group>"; };
		F69342891FB493EB0090FE5D /* Base */ = {isa = PBXFileReference; lastKnownFileType = file.storyboard; name = Base; path = Base.lproj/LaunchScreen.storyboard; sourceTree = "<group>"; };
		F693428B1FB493EB0090FE5D /* Info.plist */ = {isa = PBXFileReference; lastKnownFileType = text.plist.xml; path = Info.plist; sourceTree = "<group>"; };
		F69342951FB494080090FE5D /* Demo17.app */ = {isa = PBXFileReference; explicitFileType = wrapper.application; includeInIndex = 0; path = Demo17.app; sourceTree = BUILT_PRODUCTS_DIR; };
		F6A9E09B2054DCEE005EBE9B /* IntroduceNewFeatures.app */ = {isa = PBXFileReference; explicitFileType = wrapper.application; includeInIndex = 0; path = IntroduceNewFeatures.app; sourceTree = BUILT_PRODUCTS_DIR; };
		F6A9E09D2054DCEE005EBE9B /* AppDelegate.swift */ = {isa = PBXFileReference; lastKnownFileType = sourcecode.swift; path = AppDelegate.swift; sourceTree = "<group>"; };
		F6A9E09F2054DCEE005EBE9B /* ViewController.swift */ = {isa = PBXFileReference; lastKnownFileType = sourcecode.swift; path = ViewController.swift; sourceTree = "<group>"; };
		F6A9E0A22054DCEE005EBE9B /* Base */ = {isa = PBXFileReference; lastKnownFileType = file.storyboard; name = Base; path = Base.lproj/Main.storyboard; sourceTree = "<group>"; };
		F6A9E0A42054DCEE005EBE9B /* Assets.xcassets */ = {isa = PBXFileReference; lastKnownFileType = folder.assetcatalog; path = Assets.xcassets; sourceTree = "<group>"; };
		F6A9E0A72054DCEE005EBE9B /* Base */ = {isa = PBXFileReference; lastKnownFileType = file.storyboard; name = Base; path = Base.lproj/LaunchScreen.storyboard; sourceTree = "<group>"; };
		F6A9E0A92054DCEE005EBE9B /* Info.plist */ = {isa = PBXFileReference; lastKnownFileType = text.plist.xml; path = Info.plist; sourceTree = "<group>"; };
		F6A9E0AD2054DF0B005EBE9B /* NewFeatureView.swift */ = {isa = PBXFileReference; lastKnownFileType = sourcecode.swift; path = NewFeatureView.swift; sourceTree = "<group>"; };
/* End PBXFileReference section */

/* Begin PBXFrameworksBuildPhase section */
		F69342791FB493EB0090FE5D /* Frameworks */ = {
			isa = PBXFrameworksBuildPhase;
			buildActionMask = 2147483647;
			files = (
			);
			runOnlyForDeploymentPostprocessing = 0;
		};
		F69342921FB494080090FE5D /* Frameworks */ = {
			isa = PBXFrameworksBuildPhase;
			buildActionMask = 2147483647;
			files = (
			);
			runOnlyForDeploymentPostprocessing = 0;
		};
		F6A9E0982054DCEE005EBE9B /* Frameworks */ = {
			isa = PBXFrameworksBuildPhase;
			buildActionMask = 2147483647;
			files = (
			);
			runOnlyForDeploymentPostprocessing = 0;
		};
/* End PBXFrameworksBuildPhase section */

/* Begin PBXGroup section */
		F69342731FB493EB0090FE5D = {
			isa = PBXGroup;
			children = (
				F693427E1FB493EB0090FE5D /* ForthWeek */,
				F6A9E09C2054DCEE005EBE9B /* IntroduceNewFeatures */,
				F693427D1FB493EB0090FE5D /* Products */,
			);
			sourceTree = "<group>";
		};
		F693427D1FB493EB0090FE5D /* Products */ = {
			isa = PBXGroup;
			children = (
				F693427C1FB493EB0090FE5D /* ForthWeek.app */,
				F69342951FB494080090FE5D /* Demo17.app */,
				F6A9E09B2054DCEE005EBE9B /* IntroduceNewFeatures.app */,
			);
			name = Products;
			sourceTree = "<group>";
		};
		F693427E1FB493EB0090FE5D /* ForthWeek */ = {
			isa = PBXGroup;
			children = (
				F693427F1FB493EB0090FE5D /* AppDelegate.swift */,
				F69342811FB493EB0090FE5D /* ViewController.swift */,
				F69342831FB493EB0090FE5D /* Main.storyboard */,
				F69342861FB493EB0090FE5D /* Assets.xcassets */,
				F69342881FB493EB0090FE5D /* LaunchScreen.storyboard */,
				F693428B1FB493EB0090FE5D /* Info.plist */,
			);
			path = ForthWeek;
			sourceTree = "<group>";
		};
		F6A9E09C2054DCEE005EBE9B /* IntroduceNewFeatures */ = {
			isa = PBXGroup;
			children = (
				F6A9E09D2054DCEE005EBE9B /* AppDelegate.swift */,
				F6A9E09F2054DCEE005EBE9B /* ViewController.swift */,
				F6A9E0AD2054DF0B005EBE9B /* NewFeatureView.swift */,
				F6A9E0A12054DCEE005EBE9B /* Main.storyboard */,
				F6A9E0A42054DCEE005EBE9B /* Assets.xcassets */,
				F6A9E0A62054DCEE005EBE9B /* LaunchScreen.storyboard */,
				F6A9E0A92054DCEE005EBE9B /* Info.plist */,
			);
			path = IntroduceNewFeatures;
			sourceTree = "<group>";
		};
/* End PBXGroup section */

/* Begin PBXNativeTarget section */
		F693427B1FB493EB0090FE5D /* ForthWeek */ = {
			isa = PBXNativeTarget;
			buildConfigurationList = F693428E1FB493EB0090FE5D /* Build configuration list for PBXNativeTarget "ForthWeek" */;
			buildPhases = (
				F69342781FB493EB0090FE5D /* Sources */,
				F69342791FB493EB0090FE5D /* Frameworks */,
				F693427A1FB493EB0090FE5D /* Resources */,
			);
			buildRules = (
			);
			dependencies = (
			);
			name = ForthWeek;
			productName = ForthWeek;
			productReference = F693427C1FB493EB0090FE5D /* ForthWeek.app */;
			productType = "com.apple.product-type.application";
		};
		F69342941FB494080090FE5D /* Demo17 */ = {
			isa = PBXNativeTarget;
			buildConfigurationList = F69342A41FB494080090FE5D /* Build configuration list for PBXNativeTarget "Demo17" */;
			buildPhases = (
				F69342911FB494080090FE5D /* Sources */,
				F69342921FB494080090FE5D /* Frameworks */,
				F69342931FB494080090FE5D /* Resources */,
			);
			buildRules = (
			);
			dependencies = (
			);
			name = Demo17;
			productName = Demo17;
			productReference = F69342951FB494080090FE5D /* Demo17.app */;
			productType = "com.apple.product-type.application";
		};
		F6A9E09A2054DCEE005EBE9B /* IntroduceNewFeatures */ = {
			isa = PBXNativeTarget;
			buildConfigurationList = F6A9E0AC2054DCEE005EBE9B /* Build configuration list for PBXNativeTarget "IntroduceNewFeatures" */;
			buildPhases = (
				F6A9E0972054DCEE005EBE9B /* Sources */,
				F6A9E0982054DCEE005EBE9B /* Frameworks */,
				F6A9E0992054DCEE005EBE9B /* Resources */,
			);
			buildRules = (
			);
			dependencies = (
			);
			name = IntroduceNewFeatures;
			productName = IntroduceNewFeatures;
			productReference = F6A9E09B2054DCEE005EBE9B /* IntroduceNewFeatures.app */;
			productType = "com.apple.product-type.application";
		};
/* End PBXNativeTarget section */

/* Begin PBXProject section */
		F69342741FB493EB0090FE5D /* Project object */ = {
			isa = PBXProject;
			attributes = {
				LastSwiftUpdateCheck = 0920;
				LastUpgradeCheck = 0900;
				ORGANIZATIONNAME = "Stan Guo";
				TargetAttributes = {
					F693427B1FB493EB0090FE5D = {
						CreatedOnToolsVersion = 9.0;
						ProvisioningStyle = Automatic;
					};
					F69342941FB494080090FE5D = {
						CreatedOnToolsVersion = 9.0;
						ProvisioningStyle = Automatic;
					};
					F6A9E09A2054DCEE005EBE9B = {
						CreatedOnToolsVersion = 9.2;
						ProvisioningStyle = Automatic;
					};
				};
			};
			buildConfigurationList = F69342771FB493EB0090FE5D /* Build configuration list for PBXProject "ForthWeek" */;
			compatibilityVersion = "Xcode 8.0";
			developmentRegion = en;
			hasScannedForEncodings = 0;
			knownRegions = (
				en,
				Base,
			);
			mainGroup = F69342731FB493EB0090FE5D;
			productRefGroup = F693427D1FB493EB0090FE5D /* Products */;
			projectDirPath = "";
			projectRoot = "";
			targets = (
				F693427B1FB493EB0090FE5D /* ForthWeek */,
				F69342941FB494080090FE5D /* Demo17 */,
				F6A9E09A2054DCEE005EBE9B /* IntroduceNewFeatures */,
			);
		};
/* End PBXProject section */

/* Begin PBXResourcesBuildPhase section */
		F693427A1FB493EB0090FE5D /* Resources */ = {
			isa = PBXResourcesBuildPhase;
			buildActionMask = 2147483647;
			files = (
				F693428A1FB493EB0090FE5D /* LaunchScreen.storyboard in Resources */,
				F69342871FB493EB0090FE5D /* Assets.xcassets in Resources */,
				F69342851FB493EB0090FE5D /* Main.storyboard in Resources */,
			);
			runOnlyForDeploymentPostprocessing = 0;
		};
		F69342931FB494080090FE5D /* Resources */ = {
			isa = PBXResourcesBuildPhase;
			buildActionMask = 2147483647;
			files = (
			);
			runOnlyForDeploymentPostprocessing = 0;
		};
		F6A9E0992054DCEE005EBE9B /* Resources */ = {
			isa = PBXResourcesBuildPhase;
			buildActionMask = 2147483647;
			files = (
				F6A9E0A82054DCEE005EBE9B /* LaunchScreen.storyboard in Resources */,
				F6A9E0A52054DCEE005EBE9B /* Assets.xcassets in Resources */,
				F6A9E0A32054DCEE005EBE9B /* Main.storyboard in Resources */,
			);
			runOnlyForDeploymentPostprocessing = 0;
		};
/* End PBXResourcesBuildPhase section */

/* Begin PBXSourcesBuildPhase section */
		F69342781FB493EB0090FE5D /* Sources */ = {
			isa = PBXSourcesBuildPhase;
			buildActionMask = 2147483647;
			files = (
				F69342821FB493EB0090FE5D /* ViewController.swift in Sources */,
				F69342801FB493EB0090FE5D /* AppDelegate.swift in Sources */,
			);
			runOnlyForDeploymentPostprocessing = 0;
		};
		F69342911FB494080090FE5D /* Sources */ = {
			isa = PBXSourcesBuildPhase;
			buildActionMask = 2147483647;
			files = (
			);
			runOnlyForDeploymentPostprocessing = 0;
		};
		F6A9E0972054DCEE005EBE9B /* Sources */ = {
			isa = PBXSourcesBuildPhase;
			buildActionMask = 2147483647;
			files = (
				F6A9E0AE2054DF0B005EBE9B /* NewFeatureView.swift in Sources */,
				F6A9E0A02054DCEE005EBE9B /* ViewController.swift in Sources */,
				F6A9E09E2054DCEE005EBE9B /* AppDelegate.swift in Sources */,
			);
			runOnlyForDeploymentPostprocessing = 0;
		};
/* End PBXSourcesBuildPhase section */

/* Begin PBXVariantGroup section */
		F69342831FB493EB0090FE5D /* Main.storyboard */ = {
			isa = PBXVariantGroup;
			children = (
				F69342841FB493EB0090FE5D /* Base */,
			);
			name = Main.storyboard;
			sourceTree = "<group>";
		};
		F69342881FB493EB0090FE5D /* LaunchScreen.storyboard */ = {
			isa = PBXVariantGroup;
			children = (
				F69342891FB493EB0090FE5D /* Base */,
			);
			name = LaunchScreen.storyboard;
			sourceTree = "<group>";
		};
		F6A9E0A12054DCEE005EBE9B /* Main.storyboard */ = {
			isa = PBXVariantGroup;
			children = (
				F6A9E0A22054DCEE005EBE9B /* Base */,
			);
			name = Main.storyboard;
			sourceTree = "<group>";
		};
		F6A9E0A62054DCEE005EBE9B /* LaunchScreen.storyboard */ = {
			isa = PBXVariantGroup;
			children = (
				F6A9E0A72054DCEE005EBE9B /* Base */,
			);
			name = LaunchScreen.storyboard;
			sourceTree = "<group>";
		};
/* End PBXVariantGroup section */

/* Begin XCBuildConfiguration section */
		F693428C1FB493EB0090FE5D /* Debug */ = {
			isa = XCBuildConfiguration;
			buildSettings = {
				ALWAYS_SEARCH_USER_PATHS = NO;
				CLANG_ANALYZER_NONNULL = YES;
				CLANG_ANALYZER_NUMBER_OBJECT_CONVERSION = YES_AGGRESSIVE;
				CLANG_CXX_LANGUAGE_STANDARD = "gnu++14";
				CLANG_CXX_LIBRARY = "libc++";
				CLANG_ENABLE_MODULES = YES;
				CLANG_ENABLE_OBJC_ARC = YES;
				CLANG_WARN_BLOCK_CAPTURE_AUTORELEASING = YES;
				CLANG_WARN_BOOL_CONVERSION = YES;
				CLANG_WARN_COMMA = YES;
				CLANG_WARN_CONSTANT_CONVERSION = YES;
				CLANG_WARN_DIRECT_OBJC_ISA_USAGE = YES_ERROR;
				CLANG_WARN_DOCUMENTATION_COMMENTS = YES;
				CLANG_WARN_EMPTY_BODY = YES;
				CLANG_WARN_ENUM_CONVERSION = YES;
				CLANG_WARN_INFINITE_RECURSION = YES;
				CLANG_WARN_INT_CONVERSION = YES;
				CLANG_WARN_NON_LITERAL_NULL_CONVERSION = YES;
				CLANG_WARN_OBJC_LITERAL_CONVERSION = YES;
				CLANG_WARN_OBJC_ROOT_CLASS = YES_ERROR;
				CLANG_WARN_RANGE_LOOP_ANALYSIS = YES;
				CLANG_WARN_STRICT_PROTOTYPES = YES;
				CLANG_WARN_SUSPICIOUS_MOVE = YES;
				CLANG_WARN_UNGUARDED_AVAILABILITY = YES_AGGRESSIVE;
				CLANG_WARN_UNREACHABLE_CODE = YES;
				CLANG_WARN__DUPLICATE_METHOD_MATCH = YES;
				CODE_SIGN_IDENTITY = "iPhone Developer";
				COPY_PHASE_STRIP = NO;
				DEBUG_INFORMATION_FORMAT = dwarf;
				ENABLE_STRICT_OBJC_MSGSEND = YES;
				ENABLE_TESTABILITY = YES;
				GCC_C_LANGUAGE_STANDARD = gnu11;
				GCC_DYNAMIC_NO_PIC = NO;
				GCC_NO_COMMON_BLOCKS = YES;
				GCC_OPTIMIZATION_LEVEL = 0;
				GCC_PREPROCESSOR_DEFINITIONS = (
					"DEBUG=1",
					"$(inherited)",
				);
				GCC_WARN_64_TO_32_BIT_CONVERSION = YES;
				GCC_WARN_ABOUT_RETURN_TYPE = YES_ERROR;
				GCC_WARN_UNDECLARED_SELECTOR = YES;
				GCC_WARN_UNINITIALIZED_AUTOS = YES_AGGRESSIVE;
				GCC_WARN_UNUSED_FUNCTION = YES;
				GCC_WARN_UNUSED_VARIABLE = YES;
				IPHONEOS_DEPLOYMENT_TARGET = 11.0;
				MTL_ENABLE_DEBUG_INFO = YES;
				ONLY_ACTIVE_ARCH = YES;
				SDKROOT = iphoneos;
				SWIFT_ACTIVE_COMPILATION_CONDITIONS = DEBUG;
				SWIFT_OPTIMIZATION_LEVEL = "-Onone";
			};
			name = Debug;
		};
		F693428D1FB493EB0090FE5D /* Release */ = {
			isa = XCBuildConfiguration;
			buildSettings = {
				ALWAYS_SEARCH_USER_PATHS = NO;
				CLANG_ANALYZER_NONNULL = YES;
				CLANG_ANALYZER_NUMBER_OBJECT_CONVERSION = YES_AGGRESSIVE;
				CLANG_CXX_LANGUAGE_STANDARD = "gnu++14";
				CLANG_CXX_LIBRARY = "libc++";
				CLANG_ENABLE_MODULES = YES;
				CLANG_ENABLE_OBJC_ARC = YES;
				CLANG_WARN_BLOCK_CAPTURE_AUTORELEASING = YES;
				CLANG_WARN_BOOL_CONVERSION = YES;
				CLANG_WARN_COMMA = YES;
				CLANG_WARN_CONSTANT_CONVERSION = YES;
				CLANG_WARN_DIRECT_OBJC_ISA_USAGE = YES_ERROR;
				CLANG_WARN_DOCUMENTATION_COMMENTS = YES;
				CLANG_WARN_EMPTY_BODY = YES;
				CLANG_WARN_ENUM_CONVERSION = YES;
				CLANG_WARN_INFINITE_RECURSION = YES;
				CLANG_WARN_INT_CONVERSION = YES;
				CLANG_WARN_NON_LITERAL_NULL_CONVERSION = YES;
				CLANG_WARN_OBJC_LITERAL_CONVERSION = YES;
				CLANG_WARN_OBJC_ROOT_CLASS = YES_ERROR;
				CLANG_WARN_RANGE_LOOP_ANALYSIS = YES;
				CLANG_WARN_STRICT_PROTOTYPES = YES;
				CLANG_WARN_SUSPICIOUS_MOVE = YES;
				CLANG_WARN_UNGUARDED_AVAILABILITY = YES_AGGRESSIVE;
				CLANG_WARN_UNREACHABLE_CODE = YES;
				CLANG_WARN__DUPLICATE_METHOD_MATCH = YES;
				CODE_SIGN_IDENTITY = "iPhone Developer";
				COPY_PHASE_STRIP = NO;
				DEBUG_INFORMATION_FORMAT = "dwarf-with-dsym";
				ENABLE_NS_ASSERTIONS = NO;
				ENABLE_STRICT_OBJC_MSGSEND = YES;
				GCC_C_LANGUAGE_STANDARD = gnu11;
				GCC_NO_COMMON_BLOCKS = YES;
				GCC_WARN_64_TO_32_BIT_CONVERSION = YES;
				GCC_WARN_ABOUT_RETURN_TYPE = YES_ERROR;
				GCC_WARN_UNDECLARED_SELECTOR = YES;
				GCC_WARN_UNINITIALIZED_AUTOS = YES_AGGRESSIVE;
				GCC_WARN_UNUSED_FUNCTION = YES;
				GCC_WARN_UNUSED_VARIABLE = YES;
				IPHONEOS_DEPLOYMENT_TARGET = 11.0;
				MTL_ENABLE_DEBUG_INFO = NO;
				SDKROOT = iphoneos;
				SWIFT_OPTIMIZATION_LEVEL = "-Owholemodule";
				VALIDATE_PRODUCT = YES;
			};
			name = Release;
		};
		F693428F1FB493EB0090FE5D /* Debug */ = {
			isa = XCBuildConfiguration;
			buildSettings = {
				ASSETCATALOG_COMPILER_APPICON_NAME = AppIcon;
				CODE_SIGN_STYLE = Automatic;
				INFOPLIST_FILE = ForthWeek/Info.plist;
				LD_RUNPATH_SEARCH_PATHS = "$(inherited) @executable_path/Frameworks";
				PRODUCT_BUNDLE_IDENTIFIER = com.jianshu.ForthWeek;
				PRODUCT_NAME = "$(TARGET_NAME)";
				SWIFT_VERSION = 4.0;
				TARGETED_DEVICE_FAMILY = "1,2";
			};
			name = Debug;
		};
		F69342901FB493EB0090FE5D /* Release */ = {
			isa = XCBuildConfiguration;
			buildSettings = {
				ASSETCATALOG_COMPILER_APPICON_NAME = AppIcon;
				CODE_SIGN_STYLE = Automatic;
				INFOPLIST_FILE = ForthWeek/Info.plist;
				LD_RUNPATH_SEARCH_PATHS = "$(inherited) @executable_path/Frameworks";
				PRODUCT_BUNDLE_IDENTIFIER = com.jianshu.ForthWeek;
				PRODUCT_NAME = "$(TARGET_NAME)";
				SWIFT_VERSION = 4.0;
				TARGETED_DEVICE_FAMILY = "1,2";
			};
			name = Release;
		};
		F69342A51FB494080090FE5D /* Debug */ = {
			isa = XCBuildConfiguration;
			buildSettings = {
				ASSETCATALOG_COMPILER_APPICON_NAME = AppIcon;
				CODE_SIGN_STYLE = Automatic;
				DEVELOPMENT_TEAM = 52L44JBJWT;
				INFOPLIST_FILE = Demo17/Info.plist;
				LD_RUNPATH_SEARCH_PATHS = "$(inherited) @executable_path/Frameworks";
				PRODUCT_BUNDLE_IDENTIFIER = com.jianshu.Demo17;
				PRODUCT_NAME = "$(TARGET_NAME)";
				SWIFT_VERSION = 4.0;
				TARGETED_DEVICE_FAMILY = "1,2";
			};
			name = Debug;
		};
		F69342A61FB494080090FE5D /* Release */ = {
			isa = XCBuildConfiguration;
			buildSettings = {
				ASSETCATALOG_COMPILER_APPICON_NAME = AppIcon;
				CODE_SIGN_STYLE = Automatic;
				DEVELOPMENT_TEAM = 52L44JBJWT;
				INFOPLIST_FILE = Demo17/Info.plist;
				LD_RUNPATH_SEARCH_PATHS = "$(inherited) @executable_path/Frameworks";
				PRODUCT_BUNDLE_IDENTIFIER = com.jianshu.Demo17;
				PRODUCT_NAME = "$(TARGET_NAME)";
				SWIFT_VERSION = 4.0;
				TARGETED_DEVICE_FAMILY = "1,2";
			};
			name = Release;
		};
		F6A9E0AA2054DCEE005EBE9B /* Debug */ = {
			isa = XCBuildConfiguration;
			buildSettings = {
				ASSETCATALOG_COMPILER_APPICON_NAME = AppIcon;
				CODE_SIGN_STYLE = Automatic;
				INFOPLIST_FILE = IntroduceNewFeatures/Info.plist;
				IPHONEOS_DEPLOYMENT_TARGET = 11.2;
				LD_RUNPATH_SEARCH_PATHS = "$(inherited) @executable_path/Frameworks";
				PRODUCT_BUNDLE_IDENTIFIER = com.jianshu.IntroduceNewFeatures;
				PRODUCT_NAME = "$(TARGET_NAME)";
				SWIFT_VERSION = 4.0;
				TARGETED_DEVICE_FAMILY = "1,2";
			};
			name = Debug;
		};
		F6A9E0AB2054DCEE005EBE9B /* Release */ = {
			isa = XCBuildConfiguration;
			buildSettings = {
				ASSETCATALOG_COMPILER_APPICON_NAME = AppIcon;
				CODE_SIGN_STYLE = Automatic;
				INFOPLIST_FILE = IntroduceNewFeatures/Info.plist;
				IPHONEOS_DEPLOYMENT_TARGET = 11.2;
				LD_RUNPATH_SEARCH_PATHS = "$(inherited) @executable_path/Frameworks";
				PRODUCT_BUNDLE_IDENTIFIER = com.jianshu.IntroduceNewFeatures;
				PRODUCT_NAME = "$(TARGET_NAME)";
				SWIFT_VERSION = 4.0;
				TARGETED_DEVICE_FAMILY = "1,2";
			};
			name = Release;
		};
/* End XCBuildConfiguration section */

/* Begin XCConfigurationList section */
		F69342771FB493EB0090FE5D /* Build configuration list for PBXProject "ForthWeek" */ = {
			isa = XCConfigurationList;
			buildConfigurations = (
				F693428C1FB493EB0090FE5D /* Debug */,
				F693428D1FB493EB0090FE5D /* Release */,
			);
			defaultConfigurationIsVisible = 0;
			defaultConfigurationName = Release;
		};
		F693428E1FB493EB0090FE5D /* Build configuration list for PBXNativeTarget "ForthWeek" */ = {
			isa = XCConfigurationList;
			buildConfigurations = (
				F693428F1FB493EB0090FE5D /* Debug */,
				F69342901FB493EB0090FE5D /* Release */,
			);
			defaultConfigurationIsVisible = 0;
			defaultConfigurationName = Release;
		};
		F69342A41FB494080090FE5D /* Build configuration list for PBXNativeTarget "Demo17" */ = {
			isa = XCConfigurationList;
			buildConfigurations = (
				F69342A51FB494080090FE5D /* Debug */,
				F69342A61FB494080090FE5D /* Release */,
			);
			defaultConfigurationIsVisible = 0;
			defaultConfigurationName = Release;
		};
		F6A9E0AC2054DCEE005EBE9B /* Build configuration list for PBXNativeTarget "IntroduceNewFeatures" */ = {
			isa = XCConfigurationList;
			buildConfigurations = (
				F6A9E0AA2054DCEE005EBE9B /* Debug */,
				F6A9E0AB2054DCEE005EBE9B /* Release */,
			);
			defaultConfigurationIsVisible = 0;
			defaultConfigurationName = Release;
		};
/* End XCConfigurationList section */
	};
	rootObject = F69342741FB493EB0090FE5D /* Project object */;
}
